
Microsoft Visual Studio Solution File, Format Version 12.00
# Visual Studio Version 16
VisualStudioVersion = 16.0.30907.101
MinimumVisualStudioVersion = 10.0.40219.1
Project("{FAE04EC0-301F-11D3-BF4B-00C04F79EFBC}") = "KampIntro", "KampIntro\KampIntro.csproj", "{B3313400-77DD-40FD-98DC-AA1C912889D6}"
EndProject
Project("{FAE04EC0-301F-11D3-BF4B-00C04F79EFBC}") = "Donguler", "Donguler\Donguler.csproj", "{87168136-00E1-471F-9356-404FF358D6D8}"
EndProject
Project("{FAE04EC0-301F-11D3-BF4B-00C04F79EFBC}") = "ClassIntro", "ClassIntro\ClassIntro.csproj", "{EF6CACC6-E68E-400C-8FCE-D14BFB70052C}"
EndProject
Global
	GlobalSection(SolutionConfigurationPlatforms) = preSolution
		Debug|Any CPU = Debug|Any CPU
		Release|Any CPU = Release|Any CPU
	EndGlobalSection
	GlobalSection(ProjectConfigurationPlatforms) = postSolution
		{B3313400-77DD-40FD-98DC-AA1C912889D6}.Debug|Any CPU.ActiveCfg = Debug|Any CPU
		{B3313400-77DD-40FD-98DC-AA1C912889D6}.Debug|Any CPU.Build.0 = Debug|Any CPU
		{B3313400-77DD-40FD-98DC-AA1C912889D6}.Release|Any CPU.ActiveCfg = Release|Any CPU
		{B3313400-77DD-40FD-98DC-AA1C912889D6}.Release|Any CPU.Build.0 = Release|Any CPU
		{87168136-00E1-471F-9356-404FF358D6D8}.Debug|Any CPU.ActiveCfg = Debug|Any CPU
		{87168136-00E1-471F-9356-404FF358D6D8}.Debug|Any CPU.Build.0 = Debug|Any CPU
		{87168136-00E1-471F-9356-404FF358D6D8}.Release|Any CPU.ActiveCfg = Release|Any CPU
		{87168136-00E1-471F-9356-404FF358D6D8}.Release|Any CPU.Build.0 = Release|Any CPU
		{EF6CACC6-E68E-400C-8FCE-D14BFB70052C}.Debug|Any CPU.ActiveCfg = Debug|Any CPU
		{EF6CACC6-E68E-400C-8FCE-D14BFB70052C}.Debug|Any CPU.Build.0 = Debug|Any CPU
		{EF6CACC6-E68E-400C-8FCE-D14BFB70052C}.Release|Any CPU.ActiveCfg = Release|Any CPU
		{EF6CACC6-E68E-400C-8FCE-D14BFB70052C}.Release|Any CPU.Build.0 = Release|Any CPU
	EndGlobalSection
	GlobalSection(SolutionProperties) = preSolution
		HideSolutionNode = FALSE
	EndGlobalSection
	GlobalSection(ExtensibilityGlobals) = postSolution
		SolutionGuid = {B04BF758-6D9F-4A2C-BD1B-DEB64AE9E1CE}
	EndGlobalSection
EndGlobal
